github.com/go-python/gopy v0.4.8 h1:02kVfflUZlSXMTzYT7wiy9W305jN/kio5oiINfzB6Ro=
github.com/go-python/gopy v0.4.8/go.mod h1:zMV/gSSYa9u/8Zp0WYR+L/z+kOIqIUtMg/a1/GRy5uw=
github.com/lib/pq v1.10.9 h1:YXG7RB+JIjhP29X+OtkiDnYaXQwpS4JEWq7dtCCRUEw=
github.com/lib/pq v1.10.9/go.mod h1:AlVN5x4E4T544tWzH6hKfbfQvm3HdbOxrmggDNAPY9o=
github.com/mattn/go-sqlite3 v1.14.19 h1:fhGleo2h1p8tVChob4I9HpmVFIAkKGpiukdrgQbWfGI=
github.com/mattn/go-sqlite3 v1.14.19/go.mod h1:2eHXhiwb8IkHr+BDWZGa96P6+rkvnG63S2DGjv9HUNg=
